// !$*UTF8*$!
{
	archiveVersion = 1;
	classes = {
	};
	objectVersion = 56;
	objects = {

/* Begin PBXBuildFile section */
		6086F5A92B801C2C00582ACD /* AppDelegate.swift in Sources */ = {isa = PBXBuildFile; fileRef = 6086F5A82B801C2C00582ACD /* AppDelegate.swift */; };
		6086F5AB2B801C2C00582ACD /* SceneDelegate.swift in Sources */ = {isa = PBXBuildFile; fileRef = 6086F5AA2B801C2C00582ACD /* SceneDelegate.swift */; };
		6086F5AD2B801C2C00582ACD /* CHPathVC.swift in Sources */ = {isa = PBXBuildFile; fileRef = 6086F5AC2B801C2C00582ACD /* CHPathVC.swift */; };
		6086F5B02B801C2C00582ACD /* Main.storyboard in Resources */ = {isa = PBXBuildFile; fileRef = 6086F5AE2B801C2C00582ACD /* Main.storyboard */; };
		6086F5B22B801C2E00582ACD /* Assets.xcassets in Resources */ = {isa = PBXBuildFile; fileRef = 6086F5B12B801C2E00582ACD /* Assets.xcassets */; };
		6086F5B52B801C2E00582ACD /* LaunchScreen.storyboard in Resources */ = {isa = PBXBuildFile; fileRef = 6086F5B32B801C2E00582ACD /* LaunchScreen.storyboard */; };
		6086F5C02B801C2E00582ACD /* CHSwiftCodingTests.swift in Sources */ = {isa = PBXBuildFile; fileRef = 6086F5BF2B801C2E00582ACD /* CHSwiftCodingTests.swift */; };
		6086F5CA2B801C2E00582ACD /* CHSwiftCodingUITests.swift in Sources */ = {isa = PBXBuildFile; fileRef = 6086F5C92B801C2E00582ACD /* CHSwiftCodingUITests.swift */; };
		6086F5CC2B801C2E00582ACD /* CHSwiftCodingUITestsLaunchTests.swift in Sources */ = {isa = PBXBuildFile; fileRef = 6086F5CB2B801C2E00582ACD /* CHSwiftCodingUITestsLaunchTests.swift */; };
		6086F5D92B801C8000582ACD /* CHSolution.swift in Sources */ = {isa = PBXBuildFile; fileRef = 6086F5D82B801C8000582ACD /* CHSolution.swift */; };
/* End PBXBuildFile section */

/* Begin PBXContainerItemProxy section */
		6086F5BC2B801C2E00582ACD /* PBXContainerItemProxy */ = {
			isa = PBXContainerItemProxy;
			containerPortal = 6086F59D2B801C2B00582ACD /* Project object */;
			proxyType = 1;
			remoteGlobalIDString = 6086F5A42B801C2C00582ACD;
			remoteInfo = CHSwiftCoding;
		};
		6086F5C62B801C2E00582ACD /* PBXContainerItemProxy */ = {
			isa = PBXContainerItemProxy;
			containerPortal = 6086F59D2B801C2B00582ACD /* Project object */;
			proxyType = 1;
			remoteGlobalIDString = 6086F5A42B801C2C00582ACD;
			remoteInfo = CHSwiftCoding;
		};
/* End PBXContainerItemProxy section */

/* Begin PBXFileReference section */
		6086F5A52B801C2C00582ACD /* CHSwiftCoding.app */ = {isa = PBXFileReference; explicitFileType = wrapper.application; includeInIndex = 0; path = CHSwiftCoding.app; sourceTree = BUILT_PRODUCTS_DIR; };
		6086F5A82B801C2C00582ACD /* AppDelegate.swift */ = {isa = PBXFileReference; lastKnownFileType = sourcecode.swift; path = AppDelegate.swift; sourceTree = "<group>"; };
		6086F5AA2B801C2C00582ACD /* SceneDelegate.swift */ = {isa = PBXFileReference; lastKnownFileType = sourcecode.swift; path = SceneDelegate.swift; sourceTree = "<group>"; };
		6086F5AC2B801C2C00582ACD /* CHPathVC.swift */ = {isa = PBXFileReference; lastKnownFileType = sourcecode.swift; path = CHPathVC.swift; sourceTree = "<group>"; };
		6086F5AF2B801C2C00582ACD /* Base */ = {isa = PBXFileReference; lastKnownFileType = file.storyboard; name = Base; path = Base.lproj/Main.storyboard; sourceTree = "<group>"; };
		6086F5B12B801C2E00582ACD /* Assets.xcassets */ = {isa = PBXFileReference; lastKnownFileType = folder.assetcatalog; path = Assets.xcassets; sourceTree = "<group>"; };
		6086F5B42B801C2E00582ACD /* Base */ = {isa = PBXFileReference; lastKnownFileType = file.storyboard; name = Base; path = Base.lproj/LaunchScreen.storyboard; sourceTree = "<group>"; };
		6086F5B62B801C2E00582ACD /* Info.plist */ = {isa = PBXFileReference; lastKnownFileType = text.plist.xml; path = Info.plist; sourceTree = "<group>"; };
		6086F5BB2B801C2E00582ACD /* CHSwiftCodingTests.xctest */ = {isa = PBXFileReference; explicitFileType = wrapper.cfbundle; includeInIndex = 0; path = CHSwiftCodingTests.xctest; sourceTree = BUILT_PRODUCTS_DIR; };
		6086F5BF2B801C2E00582ACD /* CHSwiftCodingTests.swift */ = {isa = PBXFileReference; lastKnownFileType = sourcecode.swift; path = CHSwiftCodingTests.swift; sourceTree = "<group>"; };
		6086F5C52B801C2E00582ACD /* CHSwiftCodingUITests.xctest */ = {isa = PBXFileReference; explicitFileType = wrapper.cfbundle; includeInIndex = 0; path = CHSwiftCodingUITests.xctest; sourceTree = BUILT_PRODUCTS_DIR; };
		6086F5C92B801C2E00582ACD /* CHSwiftCodingUITests.swift */ = {isa = PBXFileReference; lastKnownFileType = sourcecode.swift; path = CHSwiftCodingUITests.swift; sourceTree = "<group>"; };
		6086F5CB2B801C2E00582ACD /* CHSwiftCodingUITestsLaunchTests.swift */ = {isa = PBXFileReference; lastKnownFileType = sourcecode.swift; path = CHSwiftCodingUITestsLaunchTests.swift; sourceTree = "<group>"; };
		6086F5D82B801C8000582ACD /* CHSolution.swift */ = {isa = PBXFileReference; lastKnownFileType = sourcecode.swift; path = CHSolution.swift; sourceTree = "<group>"; };
/* End PBXFileReference section */

/* Begin PBXFrameworksBuildPhase section */
		6086F5A22B801C2C00582ACD /* Frameworks */ = {
			isa = PBXFrameworksBuildPhase;
			buildActionMask = 2147483647;
			files = (
			);
			runOnlyForDeploymentPostprocessing = 0;
		};
		6086F5B82B801C2E00582ACD /* Frameworks */ = {
			isa = PBXFrameworksBuildPhase;
			buildActionMask = 2147483647;
			files = (
			);
			runOnlyForDeploymentPostprocessing = 0;
		};
		6086F5C22B801C2E00582ACD /* Frameworks */ = {
			isa = PBXFrameworksBuildPhase;
			buildActionMask = 2147483647;
			files = (
			);
			runOnlyForDeploymentPostprocessing = 0;
		};
/* End PBXFrameworksBuildPhase section */

/* Begin PBXGroup section */
		6086F59C2B801C2B00582ACD = {
			isa = PBXGroup;
			children = (
				6086F5A72B801C2C00582ACD /* CHSwiftCoding */,
				6086F5BE2B801C2E00582ACD /* CHSwiftCodingTests */,
				6086F5C82B801C2E00582ACD /* CHSwiftCodingUITests */,
				6086F5A62B801C2C00582ACD /* Products */,
			);
			sourceTree = "<group>";
		};
		6086F5A62B801C2C00582ACD /* Products */ = {
			isa = PBXGroup;
			children = (
				6086F5A52B801C2C00582ACD /* CHSwiftCoding.app */,
				6086F5BB2B801C2E00582ACD /* CHSwiftCodingTests.xctest */,
				6086F5C52B801C2E00582ACD /* CHSwiftCodingUITests.xctest */,
			);
			name = Products;
			sourceTree = "<group>";
		};
		6086F5A72B801C2C00582ACD /* CHSwiftCoding */ = {
			isa = PBXGroup;
			children = (
				6086F5A82B801C2C00582ACD /* AppDelegate.swift */,
				6086F5AA2B801C2C00582ACD /* SceneDelegate.swift */,
				6086F5AC2B801C2C00582ACD /* CHPathVC.swift */,
				6086F5D82B801C8000582ACD /* CHSolution.swift */,
				6086F5AE2B801C2C00582ACD /* Main.storyboard */,
				6086F5B12B801C2E00582ACD /* Assets.xcassets */,
				6086F5B32B801C2E00582ACD /* LaunchScreen.storyboard */,
				6086F5B62B801C2E00582ACD /* Info.plist */,
			);
			path = CHSwiftCoding;
			sourceTree = "<group>";
		};
		6086F5BE2B801C2E00582ACD /* CHSwiftCodingTests */ = {
			isa = PBXGroup;
			children = (
				6086F5BF2B801C2E00582ACD /* CHSwiftCodingTests.swift */,
			);
			path = CHSwiftCodingTests;
			sourceTree = "<group>";
		};
		6086F5C82B801C2E00582ACD /* CHSwiftCodingUITests */ = {
			isa = PBXGroup;
			children = (
				6086F5C92B801C2E00582ACD /* CHSwiftCodingUITests.swift */,
				6086F5CB2B801C2E00582ACD /* CHSwiftCodingUITestsLaunchTests.swift */,
			);
			path = CHSwiftCodingUITests;
			sourceTree = "<group>";
		};
/* End PBXGroup section */

/* Begin PBXNativeTarget section */
		6086F5A42B801C2C00582ACD /* CHSwiftCoding */ = {
			isa = PBXNativeTarget;
			buildConfigurationList = 6086F5CF2B801C2E00582ACD /* Build configuration list for PBXNativeTarget "CHSwiftCoding" */;
			buildPhases = (
				6086F5A12B801C2C00582ACD /* Sources */,
				6086F5A22B801C2C00582ACD /* Frameworks */,
				6086F5A32B801C2C00582ACD /* Resources */,
			);
			buildRules = (
			);
			dependencies = (
			);
			name = CHSwiftCoding;
			productName = CHSwiftCoding;
			productReference = 6086F5A52B801C2C00582ACD /* CHSwiftCoding.app */;
			productType = "com.apple.product-type.application";
		};
		6086F5BA2B801C2E00582ACD /* CHSwiftCodingTests */ = {
			isa = PBXNativeTarget;
			buildConfigurationList = 6086F5D22B801C2E00582ACD /* Build configuration list for PBXNativeTarget "CHSwiftCodingTests" */;
			buildPhases = (
				6086F5B72B801C2E00582ACD /* Sources */,
				6086F5B82B801C2E00582ACD /* Frameworks */,
				6086F5B92B801C2E00582ACD /* Resources */,
			);
			buildRules = (
			);
			dependencies = (
				6086F5BD2B801C2E00582ACD /* PBXTargetDependency */,
			);
			name = CHSwiftCodingTests;
			productName = CHSwiftCodingTests;
			productReference = 6086F5BB2B801C2E00582ACD /* CHSwiftCodingTests.xctest */;
			productType = "com.apple.product-type.bundle.unit-test";
		};
		6086F5C42B801C2E00582ACD /* CHSwiftCodingUITests */ = {
			isa = PBXNativeTarget;
			buildConfigurationList = 6086F5D52B801C2E00582ACD /* Build configuration list for PBXNativeTarget "CHSwiftCodingUITests" */;
			buildPhases = (
				6086F5C12B801C2E00582ACD /* Sources */,
				6086F5C22B801C2E00582ACD /* Frameworks */,
				6086F5C32B801C2E00582ACD /* Resources */,
			);
			buildRules = (
			);
			dependencies = (
				6086F5C72B801C2E00582ACD /* PBXTargetDependency */,
			);
			name = CHSwiftCodingUITests;
			productName = CHSwiftCodingUITests;
			productReference = 6086F5C52B801C2E00582ACD /* CHSwiftCodingUITests.xctest */;
			productType = "com.apple.product-type.bundle.ui-testing";
		};
/* End PBXNativeTarget section */

/* Begin PBXProject section */
		6086F59D2B801C2B00582ACD /* Project object */ = {
			isa = PBXProject;
			attributes = {
				BuildIndependentTargetsInParallel = 1;
				LastSwiftUpdateCheck = 1520;
				LastUpgradeCheck = 1520;
				TargetAttributes = {
					6086F5A42B801C2C00582ACD = {
						CreatedOnToolsVersion = 15.2;
					};
					6086F5BA2B801C2E00582ACD = {
						CreatedOnToolsVersion = 15.2;
						TestTargetID = 6086F5A42B801C2C00582ACD;
					};
					6086F5C42B801C2E00582ACD = {
						CreatedOnToolsVersion = 15.2;
						TestTargetID = 6086F5A42B801C2C00582ACD;
					};
				};
			};
			buildConfigurationList = 6086F5A02B801C2B00582ACD /* Build configuration list for PBXProject "CHSwiftCoding" */;
			compatibilityVersion = "Xcode 14.0";
			developmentRegion = en;
			hasScannedForEncodings = 0;
			knownRegions = (
				en,
				Base,
			);
			mainGroup = 6086F59C2B801C2B00582ACD;
			productRefGroup = 6086F5A62B801C2C00582ACD /* Products */;
			projectDirPath = "";
			projectRoot = "";
			targets = (
				6086F5A42B801C2C00582ACD /* CHSwiftCoding */,
				6086F5BA2B801C2E00582ACD /* CHSwiftCodingTests */,
				6086F5C42B801C2E00582ACD /* CHSwiftCodingUITests */,
			);
		};
/* End PBXProject section */

/* Begin PBXResourcesBuildPhase section */
		6086F5A32B801C2C00582ACD /* Resources */ = {
			isa = PBXResourcesBuildPhase;
			buildActionMask = 2147483647;
			files = (
				6086F5B52B801C2E00582ACD /* LaunchScreen.storyboard in Resources */,
				6086F5B22B801C2E00582ACD /* Assets.xcassets in Resources */,
				6086F5B02B801C2C00582ACD /* Main.storyboard in Resources */,
			);
			runOnlyForDeploymentPostprocessing = 0;
		};
		6086F5B92B801C2E00582ACD /* Resources */ = {
			isa = PBXResourcesBuildPhase;
			buildActionMask = 2147483647;
			files = (
			);
			runOnlyForDeploymentPostprocessing = 0;
		};
		6086F5C32B801C2E00582ACD /* Resources */ = {
			isa = PBXResourcesBuildPhase;
			buildActionMask = 2147483647;
			files = (
			);
			runOnlyForDeploymentPostprocessing = 0;
		};
/* End PBXResourcesBuildPhase section */

/* Begin PBXSourcesBuildPhase section */
		6086F5A12B801C2C00582ACD /* Sources */ = {
			isa = PBXSourcesBuildPhase;
			buildActionMask = 2147483647;
			files = (
				6086F5AD2B801C2C00582ACD /* CHPathVC.swift in Sources */,
				6086F5A92B801C2C00582ACD /* AppDelegate.swift in Sources */,
				6086F5AB2B801C2C00582ACD /* SceneDelegate.swift in Sources */,
				6086F5D92B801C8000582ACD /* CHSolution.swift in Sources */,
			);
			runOnlyForDeploymentPostprocessing = 0;
		};
		6086F5B72B801C2E00582ACD /* Sources */ = {
			isa = PBXSourcesBuildPhase;
			buildActionMask = 2147483647;
			files = (
				6086F5C02B801C2E00582ACD /* CHSwiftCodingTests.swift in Sources */,
			);
			runOnlyForDeploymentPostprocessing = 0;
		};
		6086F5C12B801C2E00582ACD /* Sources */ = {
			isa = PBXSourcesBuildPhase;
			buildActionMask = 2147483647;
			files = (
				6086F5CA2B801C2E00582ACD /* CHSwiftCodingUITests.swift in Sources */,
				6086F5CC2B801C2E00582ACD /* CHSwiftCodingUITestsLaunchTests.swift in Sources */,
			);
			runOnlyForDeploymentPostprocessing = 0;
		};
/* End PBXSourcesBuildPhase section */

/* Begin PBXTargetDependency section */
		6086F5BD2B801C2E00582ACD /* PBXTargetDependency */ = {
			isa = PBXTargetDependency;
			target = 6086F5A42B801C2C00582ACD /* CHSwiftCoding */;
			targetProxy = 6086F5BC2B801C2E00582ACD /* PBXContainerItemProxy */;
		};
		6086F5C72B801C2E00582ACD /* PBXTargetDependency */ = {
			isa = PBXTargetDependency;
			target = 6086F5A42B801C2C00582ACD /* CHSwiftCoding */;
			targetProxy = 6086F5C62B801C2E00582ACD /* PBXContainerItemProxy */;
		};
/* End PBXTargetDependency section */

/* Begin PBXVariantGroup section */
		6086F5AE2B801C2C00582ACD /* Main.storyboard */ = {
			isa = PBXVariantGroup;
			children = (
				6086F5AF2B801C2C00582ACD /* Base */,
			);
			name = Main.storyboard;
			sourceTree = "<group>";
		};
		6086F5B32B801C2E00582ACD /* LaunchScreen.storyboard */ = {
			isa = PBXVariantGroup;
			children = (
				6086F5B42B801C2E00582ACD /* Base */,
			);
			name = LaunchScreen.storyboard;
			sourceTree = "<group>";
		};
/* End PBXVariantGroup section */

/* Begin XCBuildConfiguration section */
		6086F5CD2B801C2E00582ACD /* Debug */ = {
			isa = XCBuildConfiguration;
			buildSettings = {
				ALWAYS_SEARCH_USER_PATHS = NO;
				ASSETCATALOG_COMPILER_GENERATE_SWIFT_ASSET_SYMBOL_EXTENSIONS = YES;
				CLANG_ANALYZER_NONNULL = YES;
				CLANG_ANALYZER_NUMBER_OBJECT_CONVERSION = YES_AGGRESSIVE;
				CLANG_CXX_LANGUAGE_STANDARD = "gnu++20";
				CLANG_ENABLE_MODULES = YES;
				CLANG_ENABLE_OBJC_ARC = YES;
				CLANG_ENABLE_OBJC_WEAK = YES;
				CLANG_WARN_BLOCK_CAPTURE_AUTORELEASING = YES;
				CLANG_WARN_BOOL_CONVERSION = YES;
				CLANG_WARN_COMMA = YES;
				CLANG_WARN_CONSTANT_CONVERSION = YES;
				CLANG_WARN_DEPRECATED_OBJC_IMPLEMENTATIONS = YES;
				CLANG_WARN_DIRECT_OBJC_ISA_USAGE = YES_ERROR;
				CLANG_WARN_DOCUMENTATION_COMMENTS = YES;
				CLANG_WARN_EMPTY_BODY = YES;
				CLANG_WARN_ENUM_CONVERSION = YES;
				CLANG_WARN_INFINITE_RECURSION = YES;
				CLANG_WARN_INT_CONVERSION = YES;
				CLANG_WARN_NON_LITERAL_NULL_CONVERSION = YES;
				CLANG_WARN_OBJC_IMPLICIT_RETAIN_SELF = YES;
				CLANG_WARN_OBJC_LITERAL_CONVERSION = YES;
				CLANG_WARN_OBJC_ROOT_CLASS = YES_ERROR;
				CLANG_WARN_QUOTED_INCLUDE_IN_FRAMEWORK_HEADER = YES;
				CLANG_WARN_RANGE_LOOP_ANALYSIS = YES;
				CLANG_WARN_STRICT_PROTOTYPES = YES;
				CLANG_WARN_SUSPICIOUS_MOVE = YES;
				CLANG_WARN_UNGUARDED_AVAILABILITY = YES_AGGRESSIVE;
				CLANG_WARN_UNREACHABLE_CODE = YES;
				CLANG_WARN__DUPLICATE_METHOD_MATCH = YES;
				COPY_PHASE_STRIP = NO;
				DEBUG_INFORMATION_FORMAT = dwarf;
				ENABLE_STRICT_OBJC_MSGSEND = YES;
				ENABLE_TESTABILITY = YES;
				ENABLE_USER_SCRIPT_SANDBOXING = YES;
				GCC_C_LANGUAGE_STANDARD = gnu17;
				GCC_DYNAMIC_NO_PIC = NO;
				GCC_NO_COMMON_BLOCKS = YES;
				GCC_OPTIMIZATION_LEVEL = 0;
				GCC_PREPROCESSOR_DEFINITIONS = (
					"DEBUG=1",
					"$(inherited)",
				);
				GCC_WARN_64_TO_32_BIT_CONVERSION = YES;
				GCC_WARN_ABOUT_RETURN_TYPE = YES_ERROR;
				GCC_WARN_UNDECLARED_SELECTOR = YES;
				GCC_WARN_UNINITIALIZED_AUTOS = YES_AGGRESSIVE;
				GCC_WARN_UNUSED_FUNCTION = YES;
				GCC_WARN_UNUSED_VARIABLE = YES;
				IPHONEOS_DEPLOYMENT_TARGET = 17.2;
				LOCALIZATION_PREFERS_STRING_CATALOGS = YES;
				MTL_ENABLE_DEBUG_INFO = INCLUDE_SOURCE;
				MTL_FAST_MATH = YES;
				ONLY_ACTIVE_ARCH = YES;
				SDKROOT = iphoneos;
				SWIFT_ACTIVE_COMPILATION_CONDITIONS = "DEBUG $(inherited)";
				SWIFT_OPTIMIZATION_LEVEL = "-Onone";
			};
			name = Debug;
		};
		6086F5CE2B801C2E00582ACD /* Release */ = {
			isa = XCBuildConfiguration;
			buildSettings = {
				ALWAYS_SEARCH_USER_PATHS = NO;
				ASSETCATALOG_COMPILER_GENERATE_SWIFT_ASSET_SYMBOL_EXTENSIONS = YES;
				CLANG_ANALYZER_NONNULL = YES;
				CLANG_ANALYZER_NUMBER_OBJECT_CONVERSION = YES_AGGRESSIVE;
				CLANG_CXX_LANGUAGE_STANDARD = "gnu++20";
				CLANG_ENABLE_MODULES = YES;
				CLANG_ENABLE_OBJC_ARC = YES;
				CLANG_ENABLE_OBJC_WEAK = YES;
				CLANG_WARN_BLOCK_CAPTURE_AUTORELEASING = YES;
				CLANG_WARN_BOOL_CONVERSION = YES;
				CLANG_WARN_COMMA = YES;
				CLANG_WARN_CONSTANT_CONVERSION = YES;
				CLANG_WARN_DEPRECATED_OBJC_IMPLEMENTATIONS = YES;
				CLANG_WARN_DIRECT_OBJC_ISA_USAGE = YES_ERROR;
				CLANG_WARN_DOCUMENTATION_COMMENTS = YES;
				CLANG_WARN_EMPTY_BODY = YES;
				CLANG_WARN_ENUM_CONVERSION = YES;
				CLANG_WARN_INFINITE_RECURSION = YES;
				CLANG_WARN_INT_CONVERSION = YES;
				CLANG_WARN_NON_LITERAL_NULL_CONVERSION = YES;
				CLANG_WARN_OBJC_IMPLICIT_RETAIN_SELF = YES;
				CLANG_WARN_OBJC_LITERAL_CONVERSION = YES;
				CLANG_WARN_OBJC_ROOT_CLASS = YES_ERROR;
				CLANG_WARN_QUOTED_INCLUDE_IN_FRAMEWORK_HEADER = YES;
				CLANG_WARN_RANGE_LOOP_ANALYSIS = YES;
				CLANG_WARN_STRICT_PROTOTYPES = YES;
				CLANG_WARN_SUSPICIOUS_MOVE = YES;
				CLANG_WARN_UNGUARDED_AVAILABILITY = YES_AGGRESSIVE;
				CLANG_WARN_UNREACHABLE_CODE = YES;
				CLANG_WARN__DUPLICATE_METHOD_MATCH = YES;
				COPY_PHASE_STRIP = NO;
				DEBUG_INFORMATION_FORMAT = "dwarf-with-dsym";
				ENABLE_NS_ASSERTIONS = NO;
				ENABLE_STRICT_OBJC_MSGSEND = YES;
				ENABLE_USER_SCRIPT_SANDBOXING = YES;
				GCC_C_LANGUAGE_STANDARD = gnu17;
				GCC_NO_COMMON_BLOCKS = YES;
				GCC_WARN_64_TO_32_BIT_CONVERSION = YES;
				GCC_WARN_ABOUT_RETURN_TYPE = YES_ERROR;
				GCC_WARN_UNDECLARED_SELECTOR = YES;
				GCC_WARN_UNINITIALIZED_AUTOS = YES_AGGRESSIVE;
				GCC_WARN_UNUSED_FUNCTION = YES;
				GCC_WARN_UNUSED_VARIABLE = YES;
				IPHONEOS_DEPLOYMENT_TARGET = 17.2;
				LOCALIZATION_PREFERS_STRING_CATALOGS = YES;
				MTL_ENABLE_DEBUG_INFO = NO;
				MTL_FAST_MATH = YES;
				SDKROOT = iphoneos;
				SWIFT_COMPILATION_MODE = wholemodule;
				VALIDATE_PRODUCT = YES;
			};
			name = Release;
		};
		6086F5D02B801C2E00582ACD /* Debug */ = {
			isa = XCBuildConfiguration;
			buildSettings = {
				ASSETCATALOG_COMPILER_APPICON_NAME = AppIcon;
				ASSETCATALOG_COMPILER_GLOBAL_ACCENT_COLOR_NAME = AccentColor;
				CODE_SIGN_STYLE = Automatic;
				CURRENT_PROJECT_VERSION = 1;
				DEVELOPMENT_TEAM = Q2QM7U4MAB;
				GENERATE_INFOPLIST_FILE = YES;
				INFOPLIST_FILE = CHSwiftCoding/Info.plist;
				INFOPLIST_KEY_UIApplicationSupportsIndirectInputEvents = YES;
				INFOPLIST_KEY_UILaunchStoryboardName = LaunchScreen;
				INFOPLIST_KEY_UIMainStoryboardFile = Main;
				INFOPLIST_KEY_UISupportedInterfaceOrientations_iPad = "UIInterfaceOrientationPortrait UIInterfaceOrientationPortraitUpsideDown UIInterfaceOrientationLandscapeLeft UIInterfaceOrientationLandscapeRight";
				INFOPLIST_KEY_UISupportedInterfaceOrientations_iPhone = "UIInterfaceOrientationPortrait UIInterfaceOrientationLandscapeLeft UIInterfaceOrientationLandscapeRight";
				LD_RUNPATH_SEARCH_PATHS = (
					"$(inherited)",
					"@executable_path/Frameworks",
				);
				MARKETING_VERSION = 1.0;
				PRODUCT_BUNDLE_IDENTIFIER = SD.CHSwiftCoding;
				PRODUCT_NAME = "$(TARGET_NAME)";
				SWIFT_EMIT_LOC_STRINGS = YES;
				SWIFT_VERSION = 5.0;
				TARGETED_DEVICE_FAMILY = "1,2";
			};
			name = Debug;
		};
		6086F5D12B801C2E00582ACD /* Release */ = {
			isa = XCBuildConfiguration;
			buildSettings = {
				ASSETCATALOG_COMPILER_APPICON_NAME = AppIcon;
				ASSETCATALOG_COMPILER_GLOBAL_ACCENT_COLOR_NAME = AccentColor;
				CODE_SIGN_STYLE = Automatic;
				CURRENT_PROJECT_VERSION = 1;
				DEVELOPMENT_TEAM = Q2QM7U4MAB;
				GENERATE_INFOPLIST_FILE = YES;
				INFOPLIST_FILE = CHSwiftCoding/Info.plist;
				INFOPLIST_KEY_UIApplicationSupportsIndirectInputEvents = YES;
				INFOPLIST_KEY_UILaunchStoryboardName = LaunchScreen;
				INFOPLIST_KEY_UIMainStoryboardFile = Main;
				INFOPLIST_KEY_UISupportedInterfaceOrientations_iPad = "UIInterfaceOrientationPortrait UIInterfaceOrientationPortraitUpsideDown UIInterfaceOrientationLandscapeLeft UIInterfaceOrientationLandscapeRight";
				INFOPLIST_KEY_UISupportedInterfaceOrientations_iPhone = "UIInterfaceOrientationPortrait UIInterfaceOrientationLandscapeLeft UIInterfaceOrientationLandscapeRight";
				LD_RUNPATH_SEARCH_PATHS = (
					"$(inherited)",
					"@executable_path/Frameworks",
				);
				MARKETING_VERSION = 1.0;
				PRODUCT_BUNDLE_IDENTIFIER = SD.CHSwiftCoding;
				PRODUCT_NAME = "$(TARGET_NAME)";
				SWIFT_EMIT_LOC_STRINGS = YES;
				SWIFT_VERSION = 5.0;
				TARGETED_DEVICE_FAMILY = "1,2";
			};
			name = Release;
		};
		6086F5D32B801C2E00582ACD /* Debug */ = {
			isa = XCBuildConfiguration;
			buildSettings = {
				ALWAYS_EMBED_SWIFT_STANDARD_LIBRARIES = YES;
				BUNDLE_LOADER = "$(TEST_HOST)";
				CODE_SIGN_STYLE = Automatic;
				CURRENT_PROJECT_VERSION = 1;
				DEVELOPMENT_TEAM = Q2QM7U4MAB;
				GENERATE_INFOPLIST_FILE = YES;
				IPHONEOS_DEPLOYMENT_TARGET = 17.2;
				MARKETING_VERSION = 1.0;
				PRODUCT_BUNDLE_IDENTIFIER = SD.CHSwiftCodingTests;
				PRODUCT_NAME = "$(TARGET_NAME)";
				SWIFT_EMIT_LOC_STRINGS = NO;
				SWIFT_VERSION = 5.0;
				TARGETED_DEVICE_FAMILY = "1,2";
				TEST_HOST = "$(BUILT_PRODUCTS_DIR)/CHSwiftCoding.app/$(BUNDLE_EXECUTABLE_FOLDER_PATH)/CHSwiftCoding";
			};
			name = Debug;
		};
		6086F5D42B801C2E00582ACD /* Release */ = {
			isa = XCBuildConfiguration;
			buildSettings = {
				ALWAYS_EMBED_SWIFT_STANDARD_LIBRARIES = YES;
				BUNDLE_LOADER = "$(TEST_HOST)";
				CODE_SIGN_STYLE = Automatic;
				CURRENT_PROJECT_VERSION = 1;
				DEVELOPMENT_TEAM = Q2QM7U4MAB;
				GENERATE_INFOPLIST_FILE = YES;
				IPHONEOS_DEPLOYMENT_TARGET = 17.2;
				MARKETING_VERSION = 1.0;
				PRODUCT_BUNDLE_IDENTIFIER = SD.CHSwiftCodingTests;
				PRODUCT_NAME = "$(TARGET_NAME)";
				SWIFT_EMIT_LOC_STRINGS = NO;
				SWIFT_VERSION = 5.0;
				TARGETED_DEVICE_FAMILY = "1,2";
				TEST_HOST = "$(BUILT_PRODUCTS_DIR)/CHSwiftCoding.app/$(BUNDLE_EXECUTABLE_FOLDER_PATH)/CHSwiftCoding";
			};
			name = Release;
		};
		6086F5D62B801C2E00582ACD /* Debug */ = {
			isa = XCBuildConfiguration;
			buildSettings = {
				ALWAYS_EMBED_SWIFT_STANDARD_LIBRARIES = YES;
				CODE_SIGN_STYLE = Automatic;
				CURRENT_PROJECT_VERSION = 1;
				DEVELOPMENT_TEAM = Q2QM7U4MAB;
				GENERATE_INFOPLIST_FILE = YES;
				MARKETING_VERSION = 1.0;
				PRODUCT_BUNDLE_IDENTIFIER = SD.CHSwiftCodingUITests;
				PRODUCT_NAME = "$(TARGET_NAME)";
				SWIFT_EMIT_LOC_STRINGS = NO;
				SWIFT_VERSION = 5.0;
				TARGETED_DEVICE_FAMILY = "1,2";
				TEST_TARGET_NAME = CHSwiftCoding;
			};
			name = Debug;
		};
		6086F5D72B801C2E00582ACD /* Release */ = {
			isa = XCBuildConfiguration;
			buildSettings = {
				ALWAYS_EMBED_SWIFT_STANDARD_LIBRARIES = YES;
				CODE_SIGN_STYLE = Automatic;
				CURRENT_PROJECT_VERSION = 1;
				DEVELOPMENT_TEAM = Q2QM7U4MAB;
				GENERATE_INFOPLIST_FILE = YES;
				MARKETING_VERSION = 1.0;
				PRODUCT_BUNDLE_IDENTIFIER = SD.CHSwiftCodingUITests;
				PRODUCT_NAME = "$(TARGET_NAME)";
				SWIFT_EMIT_LOC_STRINGS = NO;
				SWIFT_VERSION = 5.0;
				TARGETED_DEVICE_FAMILY = "1,2";
				TEST_TARGET_NAME = CHSwiftCoding;
			};
			name = Release;
		};
/* End XCBuildConfiguration section */

/* Begin XCConfigurationList section */
		6086F5A02B801C2B00582ACD /* Build configuration list for PBXProject "CHSwiftCoding" */ = {
			isa = XCConfigurationList;
			buildConfigurations = (
				6086F5CD2B801C2E00582ACD /* Debug */,
				6086F5CE2B801C2E00582ACD /* Release */,
			);
			defaultConfigurationIsVisible = 0;
			defaultConfigurationName = Release;
		};
		6086F5CF2B801C2E00582ACD /* Build configuration list for PBXNativeTarget "CHSwiftCoding" */ = {
			isa = XCConfigurationList;
			buildConfigurations = (
				6086F5D02B801C2E00582ACD /* Debug */,
				6086F5D12B801C2E00582ACD /* Release */,
			);
			defaultConfigurationIsVisible = 0;
			defaultConfigurationName = Release;
		};
		6086F5D22B801C2E00582ACD /* Build configuration list for PBXNativeTarget "CHSwiftCodingTests" */ = {
			isa = XCConfigurationList;
			buildConfigurations = (
				6086F5D32B801C2E00582ACD /* Debug */,
				6086F5D42B801C2E00582ACD /* Release */,
			);
			defaultConfigurationIsVisible = 0;
			defaultConfigurationName = Release;
		};
		6086F5D52B801C2E00582ACD /* Build configuration list for PBXNativeTarget "CHSwiftCodingUITests" */ = {
			isa = XCConfigurationList;
			buildConfigurations = (
				6086F5D62B801C2E00582ACD /* Debug */,
				6086F5D72B801C2E00582ACD /* Release */,
			);
			defaultConfigurationIsVisible = 0;
			defaultConfigurationName = Release;
		};
/* End XCConfigurationList section */
	};
	rootObject = 6086F59D2B801C2B00582ACD /* Project object */;
}
